
Microsoft Visual Studio Solution File, Format Version 12.00
# Visual Studio Version 17
VisualStudioVersion = 17.9.34414.90
MinimumVisualStudioVersion = 10.0.40219.1
Project("{9A19103F-16F7-4668-BE54-9A1E7A4F7556}") = "ConsoleAppSignInADB2C", "ConsoleAppSignInADB2C.csproj", "{778A3333-6700-4FA4-8B85-937CC6B5B222}"
EndProject
Global
	GlobalSection(SolutionConfigurationPlatforms) = preSolution
		Debug|Any CPU = Debug|Any CPU
		Release|Any CPU = Release|Any CPU
	EndGlobalSection
	GlobalSection(ProjectConfigurationPlatforms) = postSolution
		{778A3333-6700-4FA4-8B85-937CC6B5B222}.Debug|Any CPU.ActiveCfg = Debug|Any CPU
		{778A3333-6700-4FA4-8B85-937CC6B5B222}.Debug|Any CPU.Build.0 = Debug|Any CPU
		{778A3333-6700-4FA4-8B85-937CC6B5B222}.Release|Any CPU.ActiveCfg = Release|Any CPU
		{778A3333-6700-4FA4-8B85-937CC6B5B222}.Release|Any CPU.Build.0 = Release|Any CPU
	EndGlobalSection
	GlobalSection(SolutionProperties) = preSolution
		HideSolutionNode = FALSE
	EndGlobalSection
	GlobalSection(ExtensibilityGlobals) = postSolution
		SolutionGuid = {0164BD30-A6BA-49F3-8B68-A5F58258981A}
	EndGlobalSection
EndGlobal
